
Microsoft Visual Studio Solution File, Format Version 12.00
# Visual Studio 15
VisualStudioVersion = 15.0.28010.0
MinimumVisualStudioVersion = 10.0.40219.1
Project("{9A19103F-16F7-4668-BE54-9A1E7A4F7556}") = "Titan.Blog.WebAPP", "Titan.Blog.WebAPP\Titan.Blog.WebAPP.csproj", "{F9A589A5-89F5-4760-BCAB-E7814EA15061}"
EndProject
Project("{9A19103F-16F7-4668-BE54-9A1E7A4F7556}") = "Titan.Blog.AppService", "Titan.Blog.AppService\Titan.Blog.AppService.csproj", "{DAA06C34-A0B9-4C0A-9590-2704D3568046}"
EndProject
Project("{9A19103F-16F7-4668-BE54-9A1E7A4F7556}") = "Titan.Blog.Model", "Titan.Blog.Model\Titan.Blog.Model.csproj", "{2246C325-1106-4419-BC77-6EE38B5AF9FB}"
EndProject
Project("{9A19103F-16F7-4668-BE54-9A1E7A4F7556}") = "Titan.Blog.Repository", "Titan.Blog.Repository\Titan.Blog.Repository.csproj", "{D232A43E-0720-4891-893C-B6BE6C25FE1B}"
EndProject
Project("{9A19103F-16F7-4668-BE54-9A1E7A4F7556}") = "Titan.Blog.Infrastructure", "Titan.Blog.Infrastructure\Titan.Blog.Infrastructure.csproj", "{00506196-9771-4ACC-AF22-FA8224A26547}"
EndProject
Project("{9A19103F-16F7-4668-BE54-9A1E7A4F7556}") = "Titan.Blog.CodeTool", "Titan.Blog.CodeTool\Titan.Blog.CodeTool.csproj", "{5D896C07-FF7A-47B7-A193-B63CF1C1139C}"
EndProject
Project("{FAE04EC0-301F-11D3-BF4B-00C04F79EFBC}") = "Titan.Blog.IRepository", "Titan.Blog.IRepository\Titan.Blog.IRepository.csproj", "{3BD51913-6FCF-474B-A33E-9FEA8937B9D1}"
EndProject
Project("{FAE04EC0-301F-11D3-BF4B-00C04F79EFBC}") = "Titan.Blog.IAppService", "Titan.Blog.IAppService\Titan.Blog.IAppService.csproj", "{C59103EA-42E9-4801-806C-3B0066D30A78}"
EndProject
Global
	GlobalSection(SolutionConfigurationPlatforms) = preSolution
		Debug|Any CPU = Debug|Any CPU
		Release|Any CPU = Release|Any CPU
	EndGlobalSection
	GlobalSection(ProjectConfigurationPlatforms) = postSolution
		{F9A589A5-89F5-4760-BCAB-E7814EA15061}.Debug|Any CPU.ActiveCfg = Debug|Any CPU
		{F9A589A5-89F5-4760-BCAB-E7814EA15061}.Debug|Any CPU.Build.0 = Debug|Any CPU
		{F9A589A5-89F5-4760-BCAB-E7814EA15061}.Release|Any CPU.ActiveCfg = Release|Any CPU
		{F9A589A5-89F5-4760-BCAB-E7814EA15061}.Release|Any CPU.Build.0 = Release|Any CPU
		{DAA06C34-A0B9-4C0A-9590-2704D3568046}.Debug|Any CPU.ActiveCfg = Debug|Any CPU
		{DAA06C34-A0B9-4C0A-9590-2704D3568046}.Debug|Any CPU.Build.0 = Debug|Any CPU
		{DAA06C34-A0B9-4C0A-9590-2704D3568046}.Release|Any CPU.ActiveCfg = Release|Any CPU
		{DAA06C34-A0B9-4C0A-9590-2704D3568046}.Release|Any CPU.Build.0 = Release|Any CPU
		{2246C325-1106-4419-BC77-6EE38B5AF9FB}.Debug|Any CPU.ActiveCfg = Debug|Any CPU
		{2246C325-1106-4419-BC77-6EE38B5AF9FB}.Debug|Any CPU.Build.0 = Debug|Any CPU
		{2246C325-1106-4419-BC77-6EE38B5AF9FB}.Release|Any CPU.ActiveCfg = Release|Any CPU
		{2246C325-1106-4419-BC77-6EE38B5AF9FB}.Release|Any CPU.Build.0 = Release|Any CPU
		{D232A43E-0720-4891-893C-B6BE6C25FE1B}.Debug|Any CPU.ActiveCfg = Debug|Any CPU
		{D232A43E-0720-4891-893C-B6BE6C25FE1B}.Debug|Any CPU.Build.0 = Debug|Any CPU
		{D232A43E-0720-4891-893C-B6BE6C25FE1B}.Release|Any CPU.ActiveCfg = Release|Any CPU
		{D232A43E-0720-4891-893C-B6BE6C25FE1B}.Release|Any CPU.Build.0 = Release|Any CPU
		{00506196-9771-4ACC-AF22-FA8224A26547}.Debug|Any CPU.ActiveCfg = Debug|Any CPU
		{00506196-9771-4ACC-AF22-FA8224A26547}.Debug|Any CPU.Build.0 = Debug|Any CPU
		{00506196-9771-4ACC-AF22-FA8224A26547}.Release|Any CPU.ActiveCfg = Release|Any CPU
		{00506196-9771-4ACC-AF22-FA8224A26547}.Release|Any CPU.Build.0 = Release|Any CPU
		{5D896C07-FF7A-47B7-A193-B63CF1C1139C}.Debug|Any CPU.ActiveCfg = Debug|Any CPU
		{5D896C07-FF7A-47B7-A193-B63CF1C1139C}.Debug|Any CPU.Build.0 = Debug|Any CPU
		{5D896C07-FF7A-47B7-A193-B63CF1C1139C}.Release|Any CPU.ActiveCfg = Release|Any CPU
		{5D896C07-FF7A-47B7-A193-B63CF1C1139C}.Release|Any CPU.Build.0 = Release|Any CPU
		{3BD51913-6FCF-474B-A33E-9FEA8937B9D1}.Debug|Any CPU.ActiveCfg = Debug|Any CPU
		{3BD51913-6FCF-474B-A33E-9FEA8937B9D1}.Debug|Any CPU.Build.0 = Debug|Any CPU
		{3BD51913-6FCF-474B-A33E-9FEA8937B9D1}.Release|Any CPU.ActiveCfg = Release|Any CPU
		{3BD51913-6FCF-474B-A33E-9FEA8937B9D1}.Release|Any CPU.Build.0 = Release|Any CPU
		{C59103EA-42E9-4801-806C-3B0066D30A78}.Debug|Any CPU.ActiveCfg = Debug|Any CPU
		{C59103EA-42E9-4801-806C-3B0066D30A78}.Debug|Any CPU.Build.0 = Debug|Any CPU
		{C59103EA-42E9-4801-806C-3B0066D30A78}.Release|Any CPU.ActiveCfg = Release|Any CPU
		{C59103EA-42E9-4801-806C-3B0066D30A78}.Release|Any CPU.Build.0 = Release|Any CPU
	EndGlobalSection
	GlobalSection(SolutionProperties) = preSolution
		HideSolutionNode = FALSE
	EndGlobalSection
	GlobalSection(ExtensibilityGlobals) = postSolution
		SolutionGuid = {293418FA-152C-4035-A7A8-5FE8B3E832B2}
	EndGlobalSection
EndGlobal
